
Microsoft Visual Studio Solution File, Format Version 12.00
# Visual Studio Version 17
VisualStudioVersion = 17.11.35327.3
MinimumVisualStudioVersion = 10.0.40219.1
Project("{FAE04EC0-301F-11D3-BF4B-00C04F79EFBC}") = "calculator", "calculator.csproj", "{CFEF0E30-9E7F-448A-A68A-3B86DE9570B5}"
EndProject
Global
	GlobalSection(SolutionConfigurationPlatforms) = preSolution
		Debug|Any CPU = Debug|Any CPU
		Release|Any CPU = Release|Any CPU
	EndGlobalSection
	GlobalSection(ProjectConfigurationPlatforms) = postSolution
		{CFEF0E30-9E7F-448A-A68A-3B86DE9570B5}.Debug|Any CPU.ActiveCfg = Debug|Any CPU
		{CFEF0E30-9E7F-448A-A68A-3B86DE9570B5}.Debug|Any CPU.Build.0 = Debug|Any CPU
		{CFEF0E30-9E7F-448A-A68A-3B86DE9570B5}.Release|Any CPU.ActiveCfg = Release|Any CPU
		{CFEF0E30-9E7F-448A-A68A-3B86DE9570B5}.Release|Any CPU.Build.0 = Release|Any CPU
	EndGlobalSection
	GlobalSection(SolutionProperties) = preSolution
		HideSolutionNode = FALSE
	EndGlobalSection
	GlobalSection(ExtensibilityGlobals) = postSolution
		SolutionGuid = {DC8D0FAB-353F-43E1-B3A4-029C137545CB}
	EndGlobalSection
EndGlobal
